
Microsoft Visual Studio Solution File, Format Version 12.00
# Visual Studio 2013
VisualStudioVersion = 12.0.40629.0
MinimumVisualStudioVersion = 10.0.40219.1
Project("{FAE04EC0-301F-11D3-BF4B-00C04F79EFBC}") = "BingGalleryViewer", "BingGalleryViewer\BingGalleryViewer.csproj", "{D1B8F36D-061D-4A42-8310-5B5397A70DCF}"
	ProjectSection(ProjectDependencies) = postProject
		{D3C7396A-68CA-4515-B23D-A92C018CED7E} = {D3C7396A-68CA-4515-B23D-A92C018CED7E}
	EndProjectSection
EndProject
Project("{FAE04EC0-301F-11D3-BF4B-00C04F79EFBC}") = "VMBase", "VMBase\VMBase.csproj", "{D3C7396A-68CA-4515-B23D-A92C018CED7E}"
EndProject
Global
	GlobalSection(SolutionConfigurationPlatforms) = preSolution
		Debug|Any CPU = Debug|Any CPU
		Release|Any CPU = Release|Any CPU
	EndGlobalSection
	GlobalSection(ProjectConfigurationPlatforms) = postSolution
		{D1B8F36D-061D-4A42-8310-5B5397A70DCF}.Debug|Any CPU.ActiveCfg = Debug|Any CPU
		{D1B8F36D-061D-4A42-8310-5B5397A70DCF}.Debug|Any CPU.Build.0 = Debug|Any CPU
		{D1B8F36D-061D-4A42-8310-5B5397A70DCF}.Release|Any CPU.ActiveCfg = Release|Any CPU
		{D1B8F36D-061D-4A42-8310-5B5397A70DCF}.Release|Any CPU.Build.0 = Release|Any CPU
		{D3C7396A-68CA-4515-B23D-A92C018CED7E}.Debug|Any CPU.ActiveCfg = Debug|Any CPU
		{D3C7396A-68CA-4515-B23D-A92C018CED7E}.Debug|Any CPU.Build.0 = Debug|Any CPU
		{D3C7396A-68CA-4515-B23D-A92C018CED7E}.Release|Any CPU.ActiveCfg = Release|Any CPU
		{D3C7396A-68CA-4515-B23D-A92C018CED7E}.Release|Any CPU.Build.0 = Release|Any CPU
	EndGlobalSection
	GlobalSection(SolutionProperties) = preSolution
		HideSolutionNode = FALSE
	EndGlobalSection
	GlobalSection(MercurialSourceControlSolutionProperties) = preSolution
		SolutionIsControlled = True
		SolutionBindings = <Solution Location In Database>
	EndGlobalSection
EndGlobal
